
Microsoft Visual Studio Solution File, Format Version 12.00
# Visual Studio 15
VisualStudioVersion = 15.0.27130.2020
MinimumVisualStudioVersion = 10.0.40219.1
Project("{FAE04EC0-301F-11D3-BF4B-00C04F79EFBC}") = "LibraryCalc", "LibraryCalc\LibraryCalc.csproj", "{4BE67431-EE50-49C8-81AD-FED9B3380862}"
EndProject
Project("{FAE04EC0-301F-11D3-BF4B-00C04F79EFBC}") = "LibraryCalc.Test", "LibraryCalc.Test\LibraryCalc.Test.csproj", "{EAEB6069-263A-46FB-8782-058667135E96}"
EndProject
Global
	GlobalSection(SolutionConfigurationPlatforms) = preSolution
		Debug|Any CPU = Debug|Any CPU
		Release|Any CPU = Release|Any CPU
	EndGlobalSection
	GlobalSection(ProjectConfigurationPlatforms) = postSolution
		{4BE67431-EE50-49C8-81AD-FED9B3380862}.Debug|Any CPU.ActiveCfg = Debug|Any CPU
		{4BE67431-EE50-49C8-81AD-FED9B3380862}.Debug|Any CPU.Build.0 = Debug|Any CPU
		{4BE67431-EE50-49C8-81AD-FED9B3380862}.Release|Any CPU.ActiveCfg = Release|Any CPU
		{4BE67431-EE50-49C8-81AD-FED9B3380862}.Release|Any CPU.Build.0 = Release|Any CPU
		{EAEB6069-263A-46FB-8782-058667135E96}.Debug|Any CPU.ActiveCfg = Debug|Any CPU
		{EAEB6069-263A-46FB-8782-058667135E96}.Debug|Any CPU.Build.0 = Debug|Any CPU
		{EAEB6069-263A-46FB-8782-058667135E96}.Release|Any CPU.ActiveCfg = Release|Any CPU
		{EAEB6069-263A-46FB-8782-058667135E96}.Release|Any CPU.Build.0 = Release|Any CPU
	EndGlobalSection
	GlobalSection(SolutionProperties) = preSolution
		HideSolutionNode = FALSE
	EndGlobalSection
	GlobalSection(ExtensibilityGlobals) = postSolution
		SolutionGuid = {D399728A-D134-44EB-BA6E-E81B6B547C88}
	EndGlobalSection
EndGlobal
